<?xml version="1.0" encoding="utf-8"?>
<Project ToolsVersion="4.0" xmlns="http://schemas.microsoft.com/developer/msbuild/2003">
  <ItemGroup>
    <ClCompile Include="..\..\..\..\src\osgPlugins\bsp\ReaderWriterBSP.cpp">
      <Filter>Source Files</Filter>
    </ClCompile>
    <ClCompile Include="..\..\..\..\src\osgPlugins\bsp\BITSET.cpp">
      <Filter>Source Files</Filter>
    </ClCompile>
    <ClCompile Include="..\..\..\..\src\osgPlugins\bsp\Q3BSPReader.cpp">
      <Filter>Source Files</Filter>
    </ClCompile>
    <ClCompile Include="..\..\..\..\src\osgPlugins\bsp\Q3BSPLoad.cpp">
      <Filter>Source Files</Filter>
    </ClCompile>
    <ClCompile Include="..\..\..\..\src\osgPlugins\bsp\VBSPData.cpp">
      <Filter>Source Files</Filter>
    </ClCompile>
    <ClCompile Include="..\..\..\..\src\osgPlugins\bsp\VBSPEntity.cpp">
      <Filter>Source Files</Filter>
    </ClCompile>
    <ClCompile Include="..\..\..\..\src\osgPlugins\bsp\VBSPGeometry.cpp">
      <Filter>Source Files</Filter>
    </ClCompile>
    <ClCompile Include="..\..\..\..\src\osgPlugins\bsp\VBSPReader.cpp">
      <Filter>Source Files</Filter>
    </ClCompile>
  </ItemGroup>
  <ItemGroup>
    <ClInclude Include="..\..\..\..\src\osgPlugins\bsp\ReaderWriterBSP.h">
      <Filter>Header Files</Filter>
    </ClInclude>
    <ClInclude Include="..\..\..\..\src\osgPlugins\bsp\BITSET.h">
      <Filter>Header Files</Filter>
    </ClInclude>
    <ClInclude Include="..\..\..\..\src\osgPlugins\bsp\Q3BSPReader.h">
      <Filter>Header Files</Filter>
    </ClInclude>
    <ClInclude Include="..\..\..\..\src\osgPlugins\bsp\Q3BSPLoad.h">
      <Filter>Header Files</Filter>
    </ClInclude>
    <ClInclude Include="..\..\..\..\src\osgPlugins\bsp\VBSPData.h">
      <Filter>Header Files</Filter>
    </ClInclude>
    <ClInclude Include="..\..\..\..\src\osgPlugins\bsp\VBSPEntity.h">
      <Filter>Header Files</Filter>
    </ClInclude>
    <ClInclude Include="..\..\..\..\src\osgPlugins\bsp\VBSPGeometry.h">
      <Filter>Header Files</Filter>
    </ClInclude>
    <ClInclude Include="..\..\..\..\src\osgPlugins\bsp\VBSPReader.h">
      <Filter>Header Files</Filter>
    </ClInclude>
  </ItemGroup>
  <ItemGroup>
  </ItemGroup>
  <ItemGroup>
    <CustomBuild Include="..\..\..\..\src\osgPlugins\bsp\CMakeLists.txt" />
  </ItemGroup>
  <ItemGroup>
    <Filter Include="Source Files">
      <UniqueIdentifier>{4F308182-CD01-49ED-8D03-50B7944EE921}</UniqueIdentifier>
    </Filter>
    <Filter Include="Header Files">
      <UniqueIdentifier>{01EA27C8-D1A9-4FE8-9C3C-1BC69AB54CB0}</UniqueIdentifier>
    </Filter>
  </ItemGroup>
  <ItemGroup>
    <None Include="..\..\..\..\src\osgPlugins\bsp\ReaderWriterBSP.cpp">
      <Filter>Source Files</Filter>
    </None>
    <None Include="..\..\..\..\src\osgPlugins\bsp\BITSET.cpp">
      <Filter>Source Files</Filter>
    </None>
    <None Include="..\..\..\..\src\osgPlugins\bsp\Q3BSPReader.cpp">
      <Filter>Source Files</Filter>
    </None>
    <None Include="..\..\..\..\src\osgPlugins\bsp\Q3BSPLoad.cpp">
      <Filter>Source Files</Filter>
    </None>
    <None Include="..\..\..\..\src\osgPlugins\bsp\VBSPData.cpp">
      <Filter>Source Files</Filter>
    </None>
    <None Include="..\..\..\..\src\osgPlugins\bsp\VBSPEntity.cpp">
      <Filter>Source Files</Filter>
    </None>
    <None Include="..\..\..\..\src\osgPlugins\bsp\VBSPGeometry.cpp">
      <Filter>Source Files</Filter>
    </None>
    <None Include="..\..\..\..\src\osgPlugins\bsp\VBSPReader.cpp">
      <Filter>Source Files</Filter>
    </None>
  </ItemGroup>
</Project>
