
Microsoft Visual Studio Solution File, Format Version 11.00
# Visual Studio 2010
Project("{2857B73E-F847-4B02-9238-064979017E93}") = "FiringRateSim", "FiringRateSim.cproj", "{2BB4F773-4E01-AE45-995E-6F1CB865305D}"
EndProject
Global
	GlobalSection(SolutionConfigurationPlatforms) = preSolution
		Debug|AnyCPU = Debug|AnyCPU
		Release|AnyCPU = Release|AnyCPU
	EndGlobalSection
	GlobalSection(ProjectConfigurationPlatforms) = postSolution
		{2BB4F773-4E01-AE45-995E-6F1CB865305D}.Debug|AnyCPU.ActiveCfg = Debug|Any CPU
		{2BB4F773-4E01-AE45-995E-6F1CB865305D}.Debug|AnyCPU.Build.0 = Debug|Any CPU
		{2BB4F773-4E01-AE45-995E-6F1CB865305D}.Release|AnyCPU.ActiveCfg = Release|Any CPU
		{2BB4F773-4E01-AE45-995E-6F1CB865305D}.Release|AnyCPU.Build.0 = Release|Any CPU
	EndGlobalSection
	GlobalSection(SolutionProperties) = preSolution
		HideSolutionNode = FALSE
	EndGlobalSection
	GlobalSection(MonoDevelopProperties) = preSolution
	EndGlobalSection
EndGlobal
