
Microsoft Visual Studio Solution File, Format Version 11.00
# Visual Studio 2010
Project("{2857B73E-F847-4B02-9238-064979017E93}") = "FiringRateSim", "FiringRateSim.cproj", "{0A3839BC-6FDA-A640-988C-27EAA21872DA}"
EndProject
Global
	GlobalSection(SolutionConfigurationPlatforms) = preSolution
		Debug|AnyCPU = Debug|AnyCPU
		Release|AnyCPU = Release|AnyCPU
		Debug_Double|AnyCPU = Debug_Double|AnyCPU
		Release_Double|AnyCPU = Release_Double|AnyCPU
	EndGlobalSection
	GlobalSection(ProjectConfigurationPlatforms) = postSolution
		{0A3839BC-6FDA-A640-988C-27EAA21872DA}.Debug|AnyCPU.ActiveCfg = Debug|Any CPU
		{0A3839BC-6FDA-A640-988C-27EAA21872DA}.Debug|AnyCPU.Build.0 = Debug|Any CPU
		{0A3839BC-6FDA-A640-988C-27EAA21872DA}.Release|AnyCPU.ActiveCfg = Release|Any CPU
		{0A3839BC-6FDA-A640-988C-27EAA21872DA}.Release|AnyCPU.Build.0 = Release|Any CPU
		{0A3839BC-6FDA-A640-988C-27EAA21872DA}.Debug_Double|AnyCPU.ActiveCfg = Debug_Double|Any CPU
		{0A3839BC-6FDA-A640-988C-27EAA21872DA}.Debug_Double|AnyCPU.Build.0 = Debug_Double|Any CPU
		{0A3839BC-6FDA-A640-988C-27EAA21872DA}.Release_Double|AnyCPU.ActiveCfg = Release_Double|Any CPU
		{0A3839BC-6FDA-A640-988C-27EAA21872DA}.Release_Double|AnyCPU.Build.0 = Release_Double|Any CPU
	EndGlobalSection
	GlobalSection(SolutionProperties) = preSolution
		HideSolutionNode = FALSE
	EndGlobalSection
	GlobalSection(MonoDevelopProperties) = preSolution
	EndGlobalSection
EndGlobal
