
Microsoft Visual Studio Solution File, Format Version 11.00
# Visual Studio 2010
Project("{2857B73E-F847-4B02-9238-064979017E93}") = "OsgAnimatSim", "OsgAnimatSim.cproj", "{CDA6DCC4-8DF0-634E-888C-666000A91850}"
EndProject
Global
	GlobalSection(SolutionConfigurationPlatforms) = preSolution
		Debug|AnyCPU = Debug|AnyCPU
		Release|AnyCPU = Release|AnyCPU
		Debug_Double|AnyCPU = Debug_Double|AnyCPU
		Release_Double|AnyCPU = Release_Double|AnyCPU
	EndGlobalSection
	GlobalSection(ProjectConfigurationPlatforms) = postSolution
		{CDA6DCC4-8DF0-634E-888C-666000A91850}.Debug|AnyCPU.ActiveCfg = Debug|Any CPU
		{CDA6DCC4-8DF0-634E-888C-666000A91850}.Debug|AnyCPU.Build.0 = Debug|Any CPU
		{CDA6DCC4-8DF0-634E-888C-666000A91850}.Release|AnyCPU.ActiveCfg = Release|Any CPU
		{CDA6DCC4-8DF0-634E-888C-666000A91850}.Release|AnyCPU.Build.0 = Release|Any CPU
		{CDA6DCC4-8DF0-634E-888C-666000A91850}.Debug_Double|AnyCPU.ActiveCfg = Debug_Double|Any CPU
		{CDA6DCC4-8DF0-634E-888C-666000A91850}.Debug_Double|AnyCPU.Build.0 = Debug_Double|Any CPU
		{CDA6DCC4-8DF0-634E-888C-666000A91850}.Release_Double|AnyCPU.ActiveCfg = Release_Double|Any CPU
		{CDA6DCC4-8DF0-634E-888C-666000A91850}.Release_Double|AnyCPU.Build.0 = Release_Double|Any CPU
	EndGlobalSection
	GlobalSection(SolutionProperties) = preSolution
		HideSolutionNode = FALSE
	EndGlobalSection
	GlobalSection(MonoDevelopProperties) = preSolution
	EndGlobalSection
EndGlobal
