
Microsoft Visual Studio Solution File, Format Version 11.00
# Visual Studio 2010
Project("{8BC9CEB8-8B4A-11D0-8D11-00A0C91BC942}") = "BootstrapLoader", "..\Libraries\BootstrapLoader\Projects_VisualStudio\BootstrapLoader.vcxproj", "{10A43C0B-0DB5-3A46-A1DC-0477DFB0201D}"
EndProject
Project("{8BC9CEB8-8B4A-11D0-8D11-00A0C91BC942}") = "StdUtils", "..\Libraries\StdUtils\Projects_VisualStudio\StdUtils.vcxproj", "{6A21C42B-ED07-8442-8786-5D82BC1F6673}"
EndProject
Project("{8BC9CEB8-8B4A-11D0-8D11-00A0C91BC942}") = "StdClassFactoryTester", "..\Libraries\StdUtils\Projects_VisualStudio\StdClassFactoryTester.vcxproj", "{ABE20F47-97EF-A14A-B1A5-9C11CF9DCD73}"
	ProjectSection(ProjectDependencies) = postProject
		{6A21C42B-ED07-8442-8786-5D82BC1F6673} = {6A21C42B-ED07-8442-8786-5D82BC1F6673}
	EndProjectSection
EndProject
Project("{8BC9CEB8-8B4A-11D0-8D11-00A0C91BC942}") = "StdUtils_UnitTests", "..\Libraries\StdUtils\Projects_VisualStudio\StdUtils_UnitTests.vcxproj", "{ED02AD88-CDE5-274B-9EE7-91510F28E2CA}"
	ProjectSection(ProjectDependencies) = postProject
		{6A21C42B-ED07-8442-8786-5D82BC1F6673} = {6A21C42B-ED07-8442-8786-5D82BC1F6673}
	EndProjectSection
EndProject
Project("{8BC9CEB8-8B4A-11D0-8D11-00A0C91BC942}") = "AnimatSim", "..\Libraries\AnimatSim\Projects_VisualStudio\AnimatSim.vcxproj", "{240EAAEE-A7AA-484F-AF2E-C78B449066AA}"
EndProject
Project("{8BC9CEB8-8B4A-11D0-8D11-00A0C91BC942}") = "FiringRateSim", "..\Libraries\FiringRateSim\Projects_VisualStudio\FiringRateSim.vcxproj", "{A10012DC-B2E3-0D43-A955-E58E1508D330}"
EndProject
Project("{8BC9CEB8-8B4A-11D0-8D11-00A0C91BC942}") = "IntegrateFireSim", "..\Libraries\IntegrateFireSim\Projects_VisualStudio\IntegrateFireSim.vcxproj", "{C764377D-CBA6-FD48-A732-7018431A179A}"
EndProject
Project("{8BC9CEB8-8B4A-11D0-8D11-00A0C91BC942}") = "OsgAnimatSim", "..\Libraries\OsgAnimatSim\Projects_VisualStudio\OsgAnimatSim.vcxproj", "{F7A73A67-4CEC-7541-8A96-9C4E33D5A198}"
EndProject
Project("{8BC9CEB8-8B4A-11D0-8D11-00A0C91BC942}") = "VortexAnimatSim", "..\Libraries\VortexAnimatSim\Projects_VisualStudio\VortexAnimatSim.vcxproj", "{5FF971FE-D54D-3740-A1A6-FAC30A90B74D}"
EndProject
Global
	GlobalSection(SolutionConfigurationPlatforms) = preSolution
		Debug|Win32 = Debug|Win32
		Release|Win32 = Release|Win32
	EndGlobalSection
	GlobalSection(ProjectConfigurationPlatforms) = postSolution
		{10A43C0B-0DB5-3A46-A1DC-0477DFB0201D}.Debug|Win32.ActiveCfg = Debug|Win32
		{10A43C0B-0DB5-3A46-A1DC-0477DFB0201D}.Debug|Win32.Build.0 = Debug|Win32
		{10A43C0B-0DB5-3A46-A1DC-0477DFB0201D}.Release|Win32.ActiveCfg = Release|Win32
		{10A43C0B-0DB5-3A46-A1DC-0477DFB0201D}.Release|Win32.Build.0 = Release|Win32
		{6A21C42B-ED07-8442-8786-5D82BC1F6673}.Debug|Win32.ActiveCfg = Debug|Win32
		{6A21C42B-ED07-8442-8786-5D82BC1F6673}.Debug|Win32.Build.0 = Debug|Win32
		{6A21C42B-ED07-8442-8786-5D82BC1F6673}.Release|Win32.ActiveCfg = Release|Win32
		{6A21C42B-ED07-8442-8786-5D82BC1F6673}.Release|Win32.Build.0 = Release|Win32
		{ABE20F47-97EF-A14A-B1A5-9C11CF9DCD73}.Debug|Win32.ActiveCfg = Debug|Win32
		{ABE20F47-97EF-A14A-B1A5-9C11CF9DCD73}.Debug|Win32.Build.0 = Debug|Win32
		{ABE20F47-97EF-A14A-B1A5-9C11CF9DCD73}.Release|Win32.ActiveCfg = Release|Win32
		{ABE20F47-97EF-A14A-B1A5-9C11CF9DCD73}.Release|Win32.Build.0 = Release|Win32
		{ED02AD88-CDE5-274B-9EE7-91510F28E2CA}.Debug|Win32.ActiveCfg = Debug|Win32
		{ED02AD88-CDE5-274B-9EE7-91510F28E2CA}.Debug|Win32.Build.0 = Debug|Win32
		{ED02AD88-CDE5-274B-9EE7-91510F28E2CA}.Release|Win32.ActiveCfg = Release|Win32
		{ED02AD88-CDE5-274B-9EE7-91510F28E2CA}.Release|Win32.Build.0 = Release|Win32
		{240EAAEE-A7AA-484F-AF2E-C78B449066AA}.Debug|Win32.ActiveCfg = Debug|Win32
		{240EAAEE-A7AA-484F-AF2E-C78B449066AA}.Debug|Win32.Build.0 = Debug|Win32
		{240EAAEE-A7AA-484F-AF2E-C78B449066AA}.Release|Win32.ActiveCfg = Release|Win32
		{240EAAEE-A7AA-484F-AF2E-C78B449066AA}.Release|Win32.Build.0 = Release|Win32
		{A10012DC-B2E3-0D43-A955-E58E1508D330}.Debug|Win32.ActiveCfg = Debug|Win32
		{A10012DC-B2E3-0D43-A955-E58E1508D330}.Debug|Win32.Build.0 = Debug|Win32
		{A10012DC-B2E3-0D43-A955-E58E1508D330}.Release|Win32.ActiveCfg = Release|Win32
		{A10012DC-B2E3-0D43-A955-E58E1508D330}.Release|Win32.Build.0 = Release|Win32
		{C764377D-CBA6-FD48-A732-7018431A179A}.Debug|Win32.ActiveCfg = Debug|Win32
		{C764377D-CBA6-FD48-A732-7018431A179A}.Debug|Win32.Build.0 = Debug|Win32
		{C764377D-CBA6-FD48-A732-7018431A179A}.Release|Win32.ActiveCfg = Release|Win32
		{C764377D-CBA6-FD48-A732-7018431A179A}.Release|Win32.Build.0 = Release|Win32
		{F7A73A67-4CEC-7541-8A96-9C4E33D5A198}.Debug|Win32.ActiveCfg = Debug|Win32
		{F7A73A67-4CEC-7541-8A96-9C4E33D5A198}.Debug|Win32.Build.0 = Debug|Win32
		{F7A73A67-4CEC-7541-8A96-9C4E33D5A198}.Release|Win32.ActiveCfg = Release|Win32
		{F7A73A67-4CEC-7541-8A96-9C4E33D5A198}.Release|Win32.Build.0 = Release|Win32
		{5FF971FE-D54D-3740-A1A6-FAC30A90B74D}.Debug|Win32.ActiveCfg = Debug|Win32
		{5FF971FE-D54D-3740-A1A6-FAC30A90B74D}.Debug|Win32.Build.0 = Debug|Win32
		{5FF971FE-D54D-3740-A1A6-FAC30A90B74D}.Release|Win32.ActiveCfg = Release|Win32
		{5FF971FE-D54D-3740-A1A6-FAC30A90B74D}.Release|Win32.Build.0 = Release|Win32
	EndGlobalSection
	GlobalSection(SolutionProperties) = preSolution
		HideSolutionNode = FALSE
	EndGlobalSection
EndGlobal
