
Microsoft Visual Studio Solution File, Format Version 11.00
# Visual Studio 2010
Project("{2857B73E-F847-4B02-9238-064979017E93}") = "BootstrapLoader", "BootstrapLoader.cproj", "{64F20FDD-262B-F34B-B9CF-2DCEBDACA681}"
EndProject
Global
	GlobalSection(SolutionConfigurationPlatforms) = preSolution
		Debug|AnyCPU = Debug|AnyCPU
		Release|AnyCPU = Release|AnyCPU
	EndGlobalSection
	GlobalSection(ProjectConfigurationPlatforms) = postSolution
		{64F20FDD-262B-F34B-B9CF-2DCEBDACA681}.Debug|AnyCPU.ActiveCfg = Debug|Any CPU
		{64F20FDD-262B-F34B-B9CF-2DCEBDACA681}.Debug|AnyCPU.Build.0 = Debug|Any CPU
		{64F20FDD-262B-F34B-B9CF-2DCEBDACA681}.Release|AnyCPU.ActiveCfg = Release|Any CPU
		{64F20FDD-262B-F34B-B9CF-2DCEBDACA681}.Release|AnyCPU.Build.0 = Release|Any CPU
	EndGlobalSection
	GlobalSection(SolutionProperties) = preSolution
		HideSolutionNode = FALSE
	EndGlobalSection
	GlobalSection(MonoDevelopProperties) = preSolution
	EndGlobalSection
EndGlobal
