<?xml version="1.0" encoding="utf-8"?>
<Project ToolsVersion="4.0" xmlns="http://schemas.microsoft.com/developer/msbuild/2003">
  <ItemGroup>
    <ClCompile Include="..\..\..\..\src\osgPlugins\geo\ClipRegion.cpp">
      <Filter>Source Files</Filter>
    </ClCompile>
    <ClCompile Include="..\..\..\..\src\osgPlugins\geo\ReaderWriterGEO.cpp">
      <Filter>Source Files</Filter>
    </ClCompile>
    <ClCompile Include="..\..\..\..\src\osgPlugins\geo\geoActions.cpp">
      <Filter>Source Files</Filter>
    </ClCompile>
  </ItemGroup>
  <ItemGroup>
    <ClInclude Include="..\..\..\..\src\osgPlugins\geo\ClipRegion.h">
      <Filter>Header Files</Filter>
    </ClInclude>
    <ClInclude Include="..\..\..\..\src\osgPlugins\geo\geoCore.h">
      <Filter>Header Files</Filter>
    </ClInclude>
    <ClInclude Include="..\..\..\..\src\osgPlugins\geo\geoFormat.h">
      <Filter>Header Files</Filter>
    </ClInclude>
    <ClInclude Include="..\..\..\..\src\osgPlugins\geo\geoTypes.h">
      <Filter>Header Files</Filter>
    </ClInclude>
    <ClInclude Include="..\..\..\..\src\osgPlugins\geo\geoUnits.h">
      <Filter>Header Files</Filter>
    </ClInclude>
    <ClInclude Include="..\..\..\..\src\osgPlugins\geo\geoVersion.h">
      <Filter>Header Files</Filter>
    </ClInclude>
    <ClInclude Include="..\..\..\..\src\osgPlugins\geo\osgGeoAction.h">
      <Filter>Header Files</Filter>
    </ClInclude>
    <ClInclude Include="..\..\..\..\src\osgPlugins\geo\osgGeoAnimation.h">
      <Filter>Header Files</Filter>
    </ClInclude>
    <ClInclude Include="..\..\..\..\src\osgPlugins\geo\osgGeoNodes.h">
      <Filter>Header Files</Filter>
    </ClInclude>
    <ClInclude Include="..\..\..\..\src\osgPlugins\geo\osgGeoStructs.h">
      <Filter>Header Files</Filter>
    </ClInclude>
  </ItemGroup>
  <ItemGroup>
  </ItemGroup>
  <ItemGroup>
    <CustomBuild Include="..\..\..\..\src\osgPlugins\geo\CMakeLists.txt" />
  </ItemGroup>
  <ItemGroup>
    <Filter Include="Source Files">
      <UniqueIdentifier>{4F308182-CD01-49ED-8D03-50B7944EE921}</UniqueIdentifier>
    </Filter>
    <Filter Include="Header Files">
      <UniqueIdentifier>{01EA27C8-D1A9-4FE8-9C3C-1BC69AB54CB0}</UniqueIdentifier>
    </Filter>
  </ItemGroup>
  <ItemGroup>
    <None Include="..\..\..\..\src\osgPlugins\geo\ClipRegion.cpp">
      <Filter>Source Files</Filter>
    </None>
    <None Include="..\..\..\..\src\osgPlugins\geo\ReaderWriterGEO.cpp">
      <Filter>Source Files</Filter>
    </None>
    <None Include="..\..\..\..\src\osgPlugins\geo\geoActions.cpp">
      <Filter>Source Files</Filter>
    </None>
  </ItemGroup>
</Project>
