
Microsoft Visual Studio Solution File, Format Version 11.00
# Visual Studio 2010
Project("{8BC9CEB8-8B4A-11D0-8D11-00A0C91BC942}") = "StdUtils", "StdUtils.vcxproj", "{EAE5A1FE-5B39-424A-A066-4E6A7C9242D0}"
EndProject
Project("{8BC9CEB8-8B4A-11D0-8D11-00A0C91BC942}") = "StdClassFactoryTester", "StdClassFactoryTester.vcxproj", "{5602E94C-53FB-2B4A-9DA1-0B58B55D3545}"
	ProjectSection(ProjectDependencies) = postProject
		{EAE5A1FE-5B39-424A-A066-4E6A7C9242D0} = {EAE5A1FE-5B39-424A-A066-4E6A7C9242D0}
	EndProjectSection
EndProject
Project("{8BC9CEB8-8B4A-11D0-8D11-00A0C91BC942}") = "StdUtils_UnitTests", "StdUtils_UnitTests.vcxproj", "{BE7C8CFE-7FDB-774C-9B69-C1C2C44DB65C}"
	ProjectSection(ProjectDependencies) = postProject
		{EAE5A1FE-5B39-424A-A066-4E6A7C9242D0} = {EAE5A1FE-5B39-424A-A066-4E6A7C9242D0}
	EndProjectSection
EndProject
Global
	GlobalSection(SolutionConfigurationPlatforms) = preSolution
		Debug|Win32 = Debug|Win32
		Release|Win32 = Release|Win32
	EndGlobalSection
	GlobalSection(ProjectConfigurationPlatforms) = postSolution
		{EAE5A1FE-5B39-424A-A066-4E6A7C9242D0}.Debug|Win32.ActiveCfg = Debug|Win32
		{EAE5A1FE-5B39-424A-A066-4E6A7C9242D0}.Debug|Win32.Build.0 = Debug|Win32
		{EAE5A1FE-5B39-424A-A066-4E6A7C9242D0}.Release|Win32.ActiveCfg = Release|Win32
		{EAE5A1FE-5B39-424A-A066-4E6A7C9242D0}.Release|Win32.Build.0 = Release|Win32
		{5602E94C-53FB-2B4A-9DA1-0B58B55D3545}.Debug|Win32.ActiveCfg = Debug|Win32
		{5602E94C-53FB-2B4A-9DA1-0B58B55D3545}.Debug|Win32.Build.0 = Debug|Win32
		{5602E94C-53FB-2B4A-9DA1-0B58B55D3545}.Release|Win32.ActiveCfg = Release|Win32
		{5602E94C-53FB-2B4A-9DA1-0B58B55D3545}.Release|Win32.Build.0 = Release|Win32
		{BE7C8CFE-7FDB-774C-9B69-C1C2C44DB65C}.Debug|Win32.ActiveCfg = Debug|Win32
		{BE7C8CFE-7FDB-774C-9B69-C1C2C44DB65C}.Debug|Win32.Build.0 = Debug|Win32
		{BE7C8CFE-7FDB-774C-9B69-C1C2C44DB65C}.Release|Win32.ActiveCfg = Release|Win32
		{BE7C8CFE-7FDB-774C-9B69-C1C2C44DB65C}.Release|Win32.Build.0 = Release|Win32
	EndGlobalSection
	GlobalSection(SolutionProperties) = preSolution
		HideSolutionNode = FALSE
	EndGlobalSection
EndGlobal
