
Microsoft Visual Studio Solution File, Format Version 11.00
# Visual Studio 2010
Project("{2857B73E-F847-4B02-9238-064979017E93}") = "AnimatBootstrapLoader", "..\Libraries\BootstrapLoader\Projects_Mono\AnimatBootstrapLoader.cproj", "{58711409-48AB-7041-B2C5-60ED0034B490}"
EndProject
Project("{2857B73E-F847-4B02-9238-064979017E93}") = "StdUtils", "..\Libraries\StdUtils\Projects_Mono\StdUtils.cproj", "{C952B1EE-01A4-184B-BE9C-D96F70F4E92D}"
EndProject
Project("{2857B73E-F847-4B02-9238-064979017E93}") = "StdClassFactoryTester", "..\Libraries\StdUtils\Projects_Mono\StdClassFactoryTester.cproj", "{7D03ED38-7ED7-124A-BCE7-EC82B96FE47A}"
EndProject
Project("{2857B73E-F847-4B02-9238-064979017E93}") = "StdUtils_UnitTests", "..\Libraries\StdUtils\Projects_Mono\StdUtils_UnitTests.cproj", "{4B54FB44-D5CA-4649-A2BC-4DF2BFE20F76}"
	ProjectSection(ProjectDependencies) = postProject
		{C952B1EE-01A4-184B-BE9C-D96F70F4E92D} = {C952B1EE-01A4-184B-BE9C-D96F70F4E92D}
	EndProjectSection
EndProject
Project("{2857B73E-F847-4B02-9238-064979017E93}") = "AnimatSim", "..\Libraries\AnimatSim\Projects_Mono\AnimatSim.cproj", "{43A6911A-F852-9740-BA0E-A1ED5953678D}"
	ProjectSection(ProjectDependencies) = postProject
		{C952B1EE-01A4-184B-BE9C-D96F70F4E92D} = {C952B1EE-01A4-184B-BE9C-D96F70F4E92D}
	EndProjectSection
EndProject
Project("{2857B73E-F847-4B02-9238-064979017E93}") = "FiringRateSim", "..\Libraries\FiringRateSim\Projects_Mono\FiringRateSim.cproj", "{D807B00A-E094-4547-B2BA-15D14E1D436D}"
	ProjectSection(ProjectDependencies) = postProject
		{C952B1EE-01A4-184B-BE9C-D96F70F4E92D} = {C952B1EE-01A4-184B-BE9C-D96F70F4E92D}
		{43A6911A-F852-9740-BA0E-A1ED5953678D} = {43A6911A-F852-9740-BA0E-A1ED5953678D}
	EndProjectSection
EndProject
Project("{2857B73E-F847-4B02-9238-064979017E93}") = "IntegrateFireSim", "..\Libraries\IntegrateFireSim\Projects_Mono\IntegrateFireSim.cproj", "{563741CA-56EB-0247-A084-451C23AF51FF}"
	ProjectSection(ProjectDependencies) = postProject
		{C952B1EE-01A4-184B-BE9C-D96F70F4E92D} = {C952B1EE-01A4-184B-BE9C-D96F70F4E92D}
		{43A6911A-F852-9740-BA0E-A1ED5953678D} = {43A6911A-F852-9740-BA0E-A1ED5953678D}
	EndProjectSection
EndProject
Project("{2857B73E-F847-4B02-9238-064979017E93}") = "OsgAnimatSim", "..\Libraries\OsgAnimatSim\Projects_Mono\OsgAnimatSim.cproj", "{BEA742E0-C0C3-4249-94A7-6FE2D1490E0B}"
	ProjectSection(ProjectDependencies) = postProject
		{C952B1EE-01A4-184B-BE9C-D96F70F4E92D} = {C952B1EE-01A4-184B-BE9C-D96F70F4E92D}
		{43A6911A-F852-9740-BA0E-A1ED5953678D} = {43A6911A-F852-9740-BA0E-A1ED5953678D}
	EndProjectSection
EndProject
Project("{2857B73E-F847-4B02-9238-064979017E93}") = "BulletAnimatSim", "..\Libraries\BulletAnimatSim\Projects_Mono\BulletAnimatSim.cproj", "{DF5C348A-867B-9745-8829-5E6679C61ADA}"
	ProjectSection(ProjectDependencies) = postProject
		{C952B1EE-01A4-184B-BE9C-D96F70F4E92D} = {C952B1EE-01A4-184B-BE9C-D96F70F4E92D}
		{43A6911A-F852-9740-BA0E-A1ED5953678D} = {43A6911A-F852-9740-BA0E-A1ED5953678D}
		{BEA742E0-C0C3-4249-94A7-6FE2D1490E0B} = {BEA742E0-C0C3-4249-94A7-6FE2D1490E0B}
	EndProjectSection
EndProject
Project("{2857B73E-F847-4B02-9238-064979017E93}") = "RoboticsAnimatSim", "..\Libraries\RoboticsAnimatSim\Projects_Mono\RoboticsAnimatSim.cproj", "{3340B897-E09E-2343-B875-5F9B9BBD4078}"
	ProjectSection(ProjectDependencies) = postProject
		{C952B1EE-01A4-184B-BE9C-D96F70F4E92D} = {C952B1EE-01A4-184B-BE9C-D96F70F4E92D}
		{43A6911A-F852-9740-BA0E-A1ED5953678D} = {43A6911A-F852-9740-BA0E-A1ED5953678D}
		{BEA742E0-C0C3-4249-94A7-6FE2D1490E0B} = {BEA742E0-C0C3-4249-94A7-6FE2D1490E0B}
	EndProjectSection
EndProject
Project("{2857B73E-F847-4B02-9238-064979017E93}") = "Robotics_UnitTests", "..\Libraries\RoboticsAnimatSim\Projects_Mono\Robotics_UnitTests.cproj", "{834C2FF3-3E47-F649-97F1-D1DCD61C9CE5}"
	ProjectSection(ProjectDependencies) = postProject
		{C952B1EE-01A4-184B-BE9C-D96F70F4E92D} = {C952B1EE-01A4-184B-BE9C-D96F70F4E92D}
		{43A6911A-F852-9740-BA0E-A1ED5953678D} = {43A6911A-F852-9740-BA0E-A1ED5953678D}
	EndProjectSection
EndProject
Project("{2857B73E-F847-4B02-9238-064979017E93}") = "AnimatSimulator", "..\Applications\AnimatSimulator\Projects_Mono\AnimatSimulator.cproj", "{1FE185CD-D15E-D242-AC1C-46E7EC515D5C}"
	ProjectSection(ProjectDependencies) = postProject
		{58711409-48AB-7041-B2C5-60ED0034B490} = {58711409-48AB-7041-B2C5-60ED0034B490}
	EndProjectSection
EndProject
Global
	GlobalSection(SolutionConfigurationPlatforms) = preSolution
		Debug|AnyCPU = Debug|AnyCPU
		Release|AnyCPU = Release|AnyCPU
		Debug_Double|AnyCPU = Debug_Double|AnyCPU
		Release_Double|AnyCPU = Release_Double|AnyCPU
		Debug_Static|AnyCPU = Debug_Static|AnyCPU
	EndGlobalSection
	GlobalSection(ProjectConfigurationPlatforms) = postSolution
		{58711409-48AB-7041-B2C5-60ED0034B490}.Debug|AnyCPU.ActiveCfg = Debug|Any CPU
		{58711409-48AB-7041-B2C5-60ED0034B490}.Debug|AnyCPU.Build.0 = Debug|Any CPU
		{58711409-48AB-7041-B2C5-60ED0034B490}.Release|AnyCPU.ActiveCfg = Release|Any CPU
		{58711409-48AB-7041-B2C5-60ED0034B490}.Release|AnyCPU.Build.0 = Release|Any CPU
		{58711409-48AB-7041-B2C5-60ED0034B490}.Debug_Double|AnyCPU.ActiveCfg = Debug_Double|Any CPU
		{58711409-48AB-7041-B2C5-60ED0034B490}.Debug_Double|AnyCPU.Build.0 = Debug_Double|Any CPU
		{58711409-48AB-7041-B2C5-60ED0034B490}.Release_Double|AnyCPU.ActiveCfg = Release_Double|Any CPU
		{58711409-48AB-7041-B2C5-60ED0034B490}.Release_Double|AnyCPU.Build.0 = Release_Double|Any CPU
		{58711409-48AB-7041-B2C5-60ED0034B490}.Debug_Static|AnyCPU.ActiveCfg = Debug_Static|Any CPU
		{58711409-48AB-7041-B2C5-60ED0034B490}.Debug_Static|AnyCPU.Build.0 = Debug_Static|Any CPU
		{C952B1EE-01A4-184B-BE9C-D96F70F4E92D}.Debug|AnyCPU.ActiveCfg = Debug|Any CPU
		{C952B1EE-01A4-184B-BE9C-D96F70F4E92D}.Debug|AnyCPU.Build.0 = Debug|Any CPU
		{C952B1EE-01A4-184B-BE9C-D96F70F4E92D}.Release|AnyCPU.ActiveCfg = Release|Any CPU
		{C952B1EE-01A4-184B-BE9C-D96F70F4E92D}.Release|AnyCPU.Build.0 = Release|Any CPU
		{C952B1EE-01A4-184B-BE9C-D96F70F4E92D}.Debug_Double|AnyCPU.ActiveCfg = Debug_Double|Any CPU
		{C952B1EE-01A4-184B-BE9C-D96F70F4E92D}.Debug_Double|AnyCPU.Build.0 = Debug_Double|Any CPU
		{C952B1EE-01A4-184B-BE9C-D96F70F4E92D}.Release_Double|AnyCPU.ActiveCfg = Release_Double|Any CPU
		{C952B1EE-01A4-184B-BE9C-D96F70F4E92D}.Release_Double|AnyCPU.Build.0 = Release_Double|Any CPU
		{C952B1EE-01A4-184B-BE9C-D96F70F4E92D}.Debug_Static|AnyCPU.ActiveCfg = Debug_Static|Any CPU
		{C952B1EE-01A4-184B-BE9C-D96F70F4E92D}.Debug_Static|AnyCPU.Build.0 = Debug_Static|Any CPU
		{7D03ED38-7ED7-124A-BCE7-EC82B96FE47A}.Debug|AnyCPU.ActiveCfg = Debug|Any CPU
		{7D03ED38-7ED7-124A-BCE7-EC82B96FE47A}.Debug|AnyCPU.Build.0 = Debug|Any CPU
		{7D03ED38-7ED7-124A-BCE7-EC82B96FE47A}.Release|AnyCPU.ActiveCfg = Release|Any CPU
		{7D03ED38-7ED7-124A-BCE7-EC82B96FE47A}.Release|AnyCPU.Build.0 = Release|Any CPU
		{7D03ED38-7ED7-124A-BCE7-EC82B96FE47A}.Debug_Double|AnyCPU.ActiveCfg = Debug_Double|Any CPU
		{7D03ED38-7ED7-124A-BCE7-EC82B96FE47A}.Debug_Double|AnyCPU.Build.0 = Debug_Double|Any CPU
		{7D03ED38-7ED7-124A-BCE7-EC82B96FE47A}.Release_Double|AnyCPU.ActiveCfg = Release_Double|Any CPU
		{7D03ED38-7ED7-124A-BCE7-EC82B96FE47A}.Release_Double|AnyCPU.Build.0 = Release_Double|Any CPU
		{7D03ED38-7ED7-124A-BCE7-EC82B96FE47A}.Debug_Static|AnyCPU.ActiveCfg = Debug_Static|Any CPU
		{7D03ED38-7ED7-124A-BCE7-EC82B96FE47A}.Debug_Static|AnyCPU.Build.0 = Debug_Static|Any CPU
		{4B54FB44-D5CA-4649-A2BC-4DF2BFE20F76}.Debug|AnyCPU.ActiveCfg = Debug|Any CPU
		{4B54FB44-D5CA-4649-A2BC-4DF2BFE20F76}.Debug|AnyCPU.Build.0 = Debug|Any CPU
		{4B54FB44-D5CA-4649-A2BC-4DF2BFE20F76}.Release|AnyCPU.ActiveCfg = Release|Any CPU
		{4B54FB44-D5CA-4649-A2BC-4DF2BFE20F76}.Release|AnyCPU.Build.0 = Release|Any CPU
		{4B54FB44-D5CA-4649-A2BC-4DF2BFE20F76}.Debug_Double|AnyCPU.ActiveCfg = Debug_Double|Any CPU
		{4B54FB44-D5CA-4649-A2BC-4DF2BFE20F76}.Debug_Double|AnyCPU.Build.0 = Debug_Double|Any CPU
		{4B54FB44-D5CA-4649-A2BC-4DF2BFE20F76}.Release_Double|AnyCPU.ActiveCfg = Release_Double|Any CPU
		{4B54FB44-D5CA-4649-A2BC-4DF2BFE20F76}.Release_Double|AnyCPU.Build.0 = Release_Double|Any CPU
		{4B54FB44-D5CA-4649-A2BC-4DF2BFE20F76}.Debug_Static|AnyCPU.ActiveCfg = Debug_Static|Any CPU
		{4B54FB44-D5CA-4649-A2BC-4DF2BFE20F76}.Debug_Static|AnyCPU.Build.0 = Debug_Static|Any CPU
		{43A6911A-F852-9740-BA0E-A1ED5953678D}.Debug|AnyCPU.ActiveCfg = Debug|Any CPU
		{43A6911A-F852-9740-BA0E-A1ED5953678D}.Debug|AnyCPU.Build.0 = Debug|Any CPU
		{43A6911A-F852-9740-BA0E-A1ED5953678D}.Release|AnyCPU.ActiveCfg = Release|Any CPU
		{43A6911A-F852-9740-BA0E-A1ED5953678D}.Release|AnyCPU.Build.0 = Release|Any CPU
		{43A6911A-F852-9740-BA0E-A1ED5953678D}.Debug_Double|AnyCPU.ActiveCfg = Debug_Double|Any CPU
		{43A6911A-F852-9740-BA0E-A1ED5953678D}.Debug_Double|AnyCPU.Build.0 = Debug_Double|Any CPU
		{43A6911A-F852-9740-BA0E-A1ED5953678D}.Release_Double|AnyCPU.ActiveCfg = Release_Double|Any CPU
		{43A6911A-F852-9740-BA0E-A1ED5953678D}.Release_Double|AnyCPU.Build.0 = Release_Double|Any CPU
		{43A6911A-F852-9740-BA0E-A1ED5953678D}.Debug_Static|AnyCPU.ActiveCfg = Debug_Static|Any CPU
		{43A6911A-F852-9740-BA0E-A1ED5953678D}.Debug_Static|AnyCPU.Build.0 = Debug_Static|Any CPU
		{D807B00A-E094-4547-B2BA-15D14E1D436D}.Debug|AnyCPU.ActiveCfg = Debug|Any CPU
		{D807B00A-E094-4547-B2BA-15D14E1D436D}.Debug|AnyCPU.Build.0 = Debug|Any CPU
		{D807B00A-E094-4547-B2BA-15D14E1D436D}.Release|AnyCPU.ActiveCfg = Release|Any CPU
		{D807B00A-E094-4547-B2BA-15D14E1D436D}.Release|AnyCPU.Build.0 = Release|Any CPU
		{D807B00A-E094-4547-B2BA-15D14E1D436D}.Debug_Double|AnyCPU.ActiveCfg = Debug_Double|Any CPU
		{D807B00A-E094-4547-B2BA-15D14E1D436D}.Debug_Double|AnyCPU.Build.0 = Debug_Double|Any CPU
		{D807B00A-E094-4547-B2BA-15D14E1D436D}.Release_Double|AnyCPU.ActiveCfg = Release_Double|Any CPU
		{D807B00A-E094-4547-B2BA-15D14E1D436D}.Release_Double|AnyCPU.Build.0 = Release_Double|Any CPU
		{D807B00A-E094-4547-B2BA-15D14E1D436D}.Debug_Static|AnyCPU.ActiveCfg = Debug_Static|Any CPU
		{D807B00A-E094-4547-B2BA-15D14E1D436D}.Debug_Static|AnyCPU.Build.0 = Debug_Static|Any CPU
		{563741CA-56EB-0247-A084-451C23AF51FF}.Debug|AnyCPU.ActiveCfg = Debug|Any CPU
		{563741CA-56EB-0247-A084-451C23AF51FF}.Debug|AnyCPU.Build.0 = Debug|Any CPU
		{563741CA-56EB-0247-A084-451C23AF51FF}.Release|AnyCPU.ActiveCfg = Release|Any CPU
		{563741CA-56EB-0247-A084-451C23AF51FF}.Release|AnyCPU.Build.0 = Release|Any CPU
		{563741CA-56EB-0247-A084-451C23AF51FF}.Debug_Double|AnyCPU.ActiveCfg = Debug_Double|Any CPU
		{563741CA-56EB-0247-A084-451C23AF51FF}.Debug_Double|AnyCPU.Build.0 = Debug_Double|Any CPU
		{563741CA-56EB-0247-A084-451C23AF51FF}.Release_Double|AnyCPU.ActiveCfg = Release_Double|Any CPU
		{563741CA-56EB-0247-A084-451C23AF51FF}.Release_Double|AnyCPU.Build.0 = Release_Double|Any CPU
		{563741CA-56EB-0247-A084-451C23AF51FF}.Debug_Static|AnyCPU.ActiveCfg = Debug_Static|Any CPU
		{563741CA-56EB-0247-A084-451C23AF51FF}.Debug_Static|AnyCPU.Build.0 = Debug_Static|Any CPU
		{BEA742E0-C0C3-4249-94A7-6FE2D1490E0B}.Debug|AnyCPU.ActiveCfg = Debug|Any CPU
		{BEA742E0-C0C3-4249-94A7-6FE2D1490E0B}.Debug|AnyCPU.Build.0 = Debug|Any CPU
		{BEA742E0-C0C3-4249-94A7-6FE2D1490E0B}.Release|AnyCPU.ActiveCfg = Release|Any CPU
		{BEA742E0-C0C3-4249-94A7-6FE2D1490E0B}.Release|AnyCPU.Build.0 = Release|Any CPU
		{BEA742E0-C0C3-4249-94A7-6FE2D1490E0B}.Debug_Double|AnyCPU.ActiveCfg = Debug_Double|Any CPU
		{BEA742E0-C0C3-4249-94A7-6FE2D1490E0B}.Debug_Double|AnyCPU.Build.0 = Debug_Double|Any CPU
		{BEA742E0-C0C3-4249-94A7-6FE2D1490E0B}.Release_Double|AnyCPU.ActiveCfg = Release_Double|Any CPU
		{BEA742E0-C0C3-4249-94A7-6FE2D1490E0B}.Release_Double|AnyCPU.Build.0 = Release_Double|Any CPU
		{BEA742E0-C0C3-4249-94A7-6FE2D1490E0B}.Debug_Static|AnyCPU.ActiveCfg = Debug_Static|Any CPU
		{BEA742E0-C0C3-4249-94A7-6FE2D1490E0B}.Debug_Static|AnyCPU.Build.0 = Debug_Static|Any CPU
		{DF5C348A-867B-9745-8829-5E6679C61ADA}.Debug|AnyCPU.ActiveCfg = Debug|Any CPU
		{DF5C348A-867B-9745-8829-5E6679C61ADA}.Debug|AnyCPU.Build.0 = Debug|Any CPU
		{DF5C348A-867B-9745-8829-5E6679C61ADA}.Release|AnyCPU.ActiveCfg = Release|Any CPU
		{DF5C348A-867B-9745-8829-5E6679C61ADA}.Release|AnyCPU.Build.0 = Release|Any CPU
		{DF5C348A-867B-9745-8829-5E6679C61ADA}.Debug_Double|AnyCPU.ActiveCfg = Debug_Double|Any CPU
		{DF5C348A-867B-9745-8829-5E6679C61ADA}.Debug_Double|AnyCPU.Build.0 = Debug_Double|Any CPU
		{DF5C348A-867B-9745-8829-5E6679C61ADA}.Release_Double|AnyCPU.ActiveCfg = Release_Double|Any CPU
		{DF5C348A-867B-9745-8829-5E6679C61ADA}.Release_Double|AnyCPU.Build.0 = Release_Double|Any CPU
		{DF5C348A-867B-9745-8829-5E6679C61ADA}.Debug_Static|AnyCPU.ActiveCfg = Debug_Static|Any CPU
		{DF5C348A-867B-9745-8829-5E6679C61ADA}.Debug_Static|AnyCPU.Build.0 = Debug_Static|Any CPU
		{3340B897-E09E-2343-B875-5F9B9BBD4078}.Debug|AnyCPU.ActiveCfg = Debug|Any CPU
		{3340B897-E09E-2343-B875-5F9B9BBD4078}.Debug|AnyCPU.Build.0 = Debug|Any CPU
		{3340B897-E09E-2343-B875-5F9B9BBD4078}.Release|AnyCPU.ActiveCfg = Release|Any CPU
		{3340B897-E09E-2343-B875-5F9B9BBD4078}.Release|AnyCPU.Build.0 = Release|Any CPU
		{3340B897-E09E-2343-B875-5F9B9BBD4078}.Debug_Double|AnyCPU.ActiveCfg = Debug_Double|Any CPU
		{3340B897-E09E-2343-B875-5F9B9BBD4078}.Debug_Double|AnyCPU.Build.0 = Debug_Double|Any CPU
		{3340B897-E09E-2343-B875-5F9B9BBD4078}.Release_Double|AnyCPU.ActiveCfg = Release_Double|Any CPU
		{3340B897-E09E-2343-B875-5F9B9BBD4078}.Release_Double|AnyCPU.Build.0 = Release_Double|Any CPU
		{3340B897-E09E-2343-B875-5F9B9BBD4078}.Debug_Static|AnyCPU.ActiveCfg = Debug_Static|Any CPU
		{3340B897-E09E-2343-B875-5F9B9BBD4078}.Debug_Static|AnyCPU.Build.0 = Debug_Static|Any CPU
		{834C2FF3-3E47-F649-97F1-D1DCD61C9CE5}.Debug|AnyCPU.ActiveCfg = Debug|Any CPU
		{834C2FF3-3E47-F649-97F1-D1DCD61C9CE5}.Debug|AnyCPU.Build.0 = Debug|Any CPU
		{834C2FF3-3E47-F649-97F1-D1DCD61C9CE5}.Release|AnyCPU.ActiveCfg = Release|Any CPU
		{834C2FF3-3E47-F649-97F1-D1DCD61C9CE5}.Release|AnyCPU.Build.0 = Release|Any CPU
		{834C2FF3-3E47-F649-97F1-D1DCD61C9CE5}.Debug_Double|AnyCPU.ActiveCfg = Debug_Double|Any CPU
		{834C2FF3-3E47-F649-97F1-D1DCD61C9CE5}.Debug_Double|AnyCPU.Build.0 = Debug_Double|Any CPU
		{834C2FF3-3E47-F649-97F1-D1DCD61C9CE5}.Release_Double|AnyCPU.ActiveCfg = Release_Double|Any CPU
		{834C2FF3-3E47-F649-97F1-D1DCD61C9CE5}.Release_Double|AnyCPU.Build.0 = Release_Double|Any CPU
		{834C2FF3-3E47-F649-97F1-D1DCD61C9CE5}.Debug_Static|AnyCPU.ActiveCfg = Debug_Static|Any CPU
		{834C2FF3-3E47-F649-97F1-D1DCD61C9CE5}.Debug_Static|AnyCPU.Build.0 = Debug_Static|Any CPU
		{1FE185CD-D15E-D242-AC1C-46E7EC515D5C}.Debug|AnyCPU.ActiveCfg = Debug|Any CPU
		{1FE185CD-D15E-D242-AC1C-46E7EC515D5C}.Debug|AnyCPU.Build.0 = Debug|Any CPU
		{1FE185CD-D15E-D242-AC1C-46E7EC515D5C}.Release|AnyCPU.ActiveCfg = Release|Any CPU
		{1FE185CD-D15E-D242-AC1C-46E7EC515D5C}.Release|AnyCPU.Build.0 = Release|Any CPU
		{1FE185CD-D15E-D242-AC1C-46E7EC515D5C}.Debug_Double|AnyCPU.ActiveCfg = Debug_Double|Any CPU
		{1FE185CD-D15E-D242-AC1C-46E7EC515D5C}.Debug_Double|AnyCPU.Build.0 = Debug_Double|Any CPU
		{1FE185CD-D15E-D242-AC1C-46E7EC515D5C}.Release_Double|AnyCPU.ActiveCfg = Release_Double|Any CPU
		{1FE185CD-D15E-D242-AC1C-46E7EC515D5C}.Release_Double|AnyCPU.Build.0 = Release_Double|Any CPU
		{1FE185CD-D15E-D242-AC1C-46E7EC515D5C}.Debug_Static|AnyCPU.ActiveCfg = Debug_Static|Any CPU
		{1FE185CD-D15E-D242-AC1C-46E7EC515D5C}.Debug_Static|AnyCPU.Build.0 = Debug_Static|Any CPU
	EndGlobalSection
	GlobalSection(SolutionProperties) = preSolution
		HideSolutionNode = FALSE
	EndGlobalSection
	GlobalSection(MonoDevelopProperties) = preSolution
	EndGlobalSection
EndGlobal
