
Microsoft Visual Studio Solution File, Format Version 11.00
# Visual Studio 2010
Project("{2857B73E-F847-4B02-9238-064979017E93}") = "AnimatBootstrapLoader", "..\Libraries\BootstrapLoader\Projects_Mono\AnimatBootstrapLoader.cproj", "{A057D8CD-4E05-9F42-ACD8-11E1CDCDB301}"
EndProject
Project("{2857B73E-F847-4B02-9238-064979017E93}") = "StdUtils", "..\Libraries\StdUtils\Projects_Mono\StdUtils.cproj", "{BC1D65B5-194A-1849-B5E5-3CBEA5AAF673}"
EndProject
Project("{2857B73E-F847-4B02-9238-064979017E93}") = "StdClassFactoryTester", "..\Libraries\StdUtils\Projects_Mono\StdClassFactoryTester.cproj", "{4CD9BA30-064C-BD48-AAE1-A2136B4E1121}"
EndProject
Project("{2857B73E-F847-4B02-9238-064979017E93}") = "StdUtils_UnitTests", "..\Libraries\StdUtils\Projects_Mono\StdUtils_UnitTests.cproj", "{56E4FD9F-F256-6D49-B588-D5634F0A2D50}"
	ProjectSection(ProjectDependencies) = postProject
		{BC1D65B5-194A-1849-B5E5-3CBEA5AAF673} = {BC1D65B5-194A-1849-B5E5-3CBEA5AAF673}
	EndProjectSection
EndProject
Project("{2857B73E-F847-4B02-9238-064979017E93}") = "AnimatSim", "..\Libraries\AnimatSim\Projects_Mono\AnimatSim.cproj", "{25B46168-81B2-8741-8511-171571349EEF}"
	ProjectSection(ProjectDependencies) = postProject
		{BC1D65B5-194A-1849-B5E5-3CBEA5AAF673} = {BC1D65B5-194A-1849-B5E5-3CBEA5AAF673}
	EndProjectSection
EndProject
Project("{2857B73E-F847-4B02-9238-064979017E93}") = "FiringRateSim", "..\Libraries\FiringRateSim\Projects_Mono\FiringRateSim.cproj", "{46F236EB-AA6F-C54B-BCA0-92B1521140BE}"
	ProjectSection(ProjectDependencies) = postProject
		{BC1D65B5-194A-1849-B5E5-3CBEA5AAF673} = {BC1D65B5-194A-1849-B5E5-3CBEA5AAF673}
		{25B46168-81B2-8741-8511-171571349EEF} = {25B46168-81B2-8741-8511-171571349EEF}
	EndProjectSection
EndProject
Project("{2857B73E-F847-4B02-9238-064979017E93}") = "IntegrateFireSim", "..\Libraries\IntegrateFireSim\Projects_Mono\IntegrateFireSim.cproj", "{87E9E6FF-DE31-1E48-A627-E13D9B4BB955}"
	ProjectSection(ProjectDependencies) = postProject
		{BC1D65B5-194A-1849-B5E5-3CBEA5AAF673} = {BC1D65B5-194A-1849-B5E5-3CBEA5AAF673}
		{25B46168-81B2-8741-8511-171571349EEF} = {25B46168-81B2-8741-8511-171571349EEF}
	EndProjectSection
EndProject
Project("{2857B73E-F847-4B02-9238-064979017E93}") = "RoboticsAnimatSim", "..\Libraries\RoboticsAnimatSim\Projects_Mono\RoboticsAnimatSim.cproj", "{BD1AC879-D267-8842-B134-F8EF453B04C6}"
	ProjectSection(ProjectDependencies) = postProject
		{BC1D65B5-194A-1849-B5E5-3CBEA5AAF673} = {BC1D65B5-194A-1849-B5E5-3CBEA5AAF673}
		{25B46168-81B2-8741-8511-171571349EEF} = {25B46168-81B2-8741-8511-171571349EEF}
	EndProjectSection
EndProject
Project("{2857B73E-F847-4B02-9238-064979017E93}") = "Robotics_UnitTests", "..\Libraries\RoboticsAnimatSim\Projects_Mono\Robotics_UnitTests.cproj", "{4DD09017-BE70-C84A-B2D0-BCBA5C58D67C}"
	ProjectSection(ProjectDependencies) = postProject
		{BC1D65B5-194A-1849-B5E5-3CBEA5AAF673} = {BC1D65B5-194A-1849-B5E5-3CBEA5AAF673}
		{25B46168-81B2-8741-8511-171571349EEF} = {25B46168-81B2-8741-8511-171571349EEF}
	EndProjectSection
EndProject
Project("{2857B73E-F847-4B02-9238-064979017E93}") = "AnimatSimulator", "..\Applications\AnimatSimulator\Projects_Mono\AnimatSimulator.cproj", "{2F32BF84-3179-6345-A9ED-DA5DD5FAABDE}"
	ProjectSection(ProjectDependencies) = postProject
		{A057D8CD-4E05-9F42-ACD8-11E1CDCDB301} = {A057D8CD-4E05-9F42-ACD8-11E1CDCDB301}
	EndProjectSection
EndProject
Global
	GlobalSection(SolutionConfigurationPlatforms) = preSolution
		Debug|AnyCPU = Debug|AnyCPU
		Release|AnyCPU = Release|AnyCPU
		Debug_Double|AnyCPU = Debug_Double|AnyCPU
		Release_Double|AnyCPU = Release_Double|AnyCPU
		Debug_Static|AnyCPU = Debug_Static|AnyCPU
	EndGlobalSection
	GlobalSection(ProjectConfigurationPlatforms) = postSolution
		{A057D8CD-4E05-9F42-ACD8-11E1CDCDB301}.Debug|AnyCPU.ActiveCfg = Debug|Any CPU
		{A057D8CD-4E05-9F42-ACD8-11E1CDCDB301}.Debug|AnyCPU.Build.0 = Debug|Any CPU
		{A057D8CD-4E05-9F42-ACD8-11E1CDCDB301}.Release|AnyCPU.ActiveCfg = Release|Any CPU
		{A057D8CD-4E05-9F42-ACD8-11E1CDCDB301}.Release|AnyCPU.Build.0 = Release|Any CPU
		{A057D8CD-4E05-9F42-ACD8-11E1CDCDB301}.Debug_Double|AnyCPU.ActiveCfg = Debug_Double|Any CPU
		{A057D8CD-4E05-9F42-ACD8-11E1CDCDB301}.Debug_Double|AnyCPU.Build.0 = Debug_Double|Any CPU
		{A057D8CD-4E05-9F42-ACD8-11E1CDCDB301}.Release_Double|AnyCPU.ActiveCfg = Release_Double|Any CPU
		{A057D8CD-4E05-9F42-ACD8-11E1CDCDB301}.Release_Double|AnyCPU.Build.0 = Release_Double|Any CPU
		{A057D8CD-4E05-9F42-ACD8-11E1CDCDB301}.Debug_Static|AnyCPU.ActiveCfg = Debug_Static|Any CPU
		{A057D8CD-4E05-9F42-ACD8-11E1CDCDB301}.Debug_Static|AnyCPU.Build.0 = Debug_Static|Any CPU
		{BC1D65B5-194A-1849-B5E5-3CBEA5AAF673}.Debug|AnyCPU.ActiveCfg = Debug|Any CPU
		{BC1D65B5-194A-1849-B5E5-3CBEA5AAF673}.Debug|AnyCPU.Build.0 = Debug|Any CPU
		{BC1D65B5-194A-1849-B5E5-3CBEA5AAF673}.Release|AnyCPU.ActiveCfg = Release|Any CPU
		{BC1D65B5-194A-1849-B5E5-3CBEA5AAF673}.Release|AnyCPU.Build.0 = Release|Any CPU
		{BC1D65B5-194A-1849-B5E5-3CBEA5AAF673}.Debug_Double|AnyCPU.ActiveCfg = Debug_Double|Any CPU
		{BC1D65B5-194A-1849-B5E5-3CBEA5AAF673}.Debug_Double|AnyCPU.Build.0 = Debug_Double|Any CPU
		{BC1D65B5-194A-1849-B5E5-3CBEA5AAF673}.Release_Double|AnyCPU.ActiveCfg = Release_Double|Any CPU
		{BC1D65B5-194A-1849-B5E5-3CBEA5AAF673}.Release_Double|AnyCPU.Build.0 = Release_Double|Any CPU
		{BC1D65B5-194A-1849-B5E5-3CBEA5AAF673}.Debug_Static|AnyCPU.ActiveCfg = Debug_Static|Any CPU
		{BC1D65B5-194A-1849-B5E5-3CBEA5AAF673}.Debug_Static|AnyCPU.Build.0 = Debug_Static|Any CPU
		{4CD9BA30-064C-BD48-AAE1-A2136B4E1121}.Debug|AnyCPU.ActiveCfg = Debug|Any CPU
		{4CD9BA30-064C-BD48-AAE1-A2136B4E1121}.Debug|AnyCPU.Build.0 = Debug|Any CPU
		{4CD9BA30-064C-BD48-AAE1-A2136B4E1121}.Release|AnyCPU.ActiveCfg = Release|Any CPU
		{4CD9BA30-064C-BD48-AAE1-A2136B4E1121}.Release|AnyCPU.Build.0 = Release|Any CPU
		{4CD9BA30-064C-BD48-AAE1-A2136B4E1121}.Debug_Double|AnyCPU.ActiveCfg = Debug_Double|Any CPU
		{4CD9BA30-064C-BD48-AAE1-A2136B4E1121}.Debug_Double|AnyCPU.Build.0 = Debug_Double|Any CPU
		{4CD9BA30-064C-BD48-AAE1-A2136B4E1121}.Release_Double|AnyCPU.ActiveCfg = Release_Double|Any CPU
		{4CD9BA30-064C-BD48-AAE1-A2136B4E1121}.Release_Double|AnyCPU.Build.0 = Release_Double|Any CPU
		{4CD9BA30-064C-BD48-AAE1-A2136B4E1121}.Debug_Static|AnyCPU.ActiveCfg = Debug_Static|Any CPU
		{4CD9BA30-064C-BD48-AAE1-A2136B4E1121}.Debug_Static|AnyCPU.Build.0 = Debug_Static|Any CPU
		{56E4FD9F-F256-6D49-B588-D5634F0A2D50}.Debug|AnyCPU.ActiveCfg = Debug|Any CPU
		{56E4FD9F-F256-6D49-B588-D5634F0A2D50}.Debug|AnyCPU.Build.0 = Debug|Any CPU
		{56E4FD9F-F256-6D49-B588-D5634F0A2D50}.Release|AnyCPU.ActiveCfg = Release|Any CPU
		{56E4FD9F-F256-6D49-B588-D5634F0A2D50}.Release|AnyCPU.Build.0 = Release|Any CPU
		{56E4FD9F-F256-6D49-B588-D5634F0A2D50}.Debug_Double|AnyCPU.ActiveCfg = Debug_Double|Any CPU
		{56E4FD9F-F256-6D49-B588-D5634F0A2D50}.Debug_Double|AnyCPU.Build.0 = Debug_Double|Any CPU
		{56E4FD9F-F256-6D49-B588-D5634F0A2D50}.Release_Double|AnyCPU.ActiveCfg = Release_Double|Any CPU
		{56E4FD9F-F256-6D49-B588-D5634F0A2D50}.Release_Double|AnyCPU.Build.0 = Release_Double|Any CPU
		{56E4FD9F-F256-6D49-B588-D5634F0A2D50}.Debug_Static|AnyCPU.ActiveCfg = Debug_Static|Any CPU
		{56E4FD9F-F256-6D49-B588-D5634F0A2D50}.Debug_Static|AnyCPU.Build.0 = Debug_Static|Any CPU
		{25B46168-81B2-8741-8511-171571349EEF}.Debug|AnyCPU.ActiveCfg = Debug|Any CPU
		{25B46168-81B2-8741-8511-171571349EEF}.Debug|AnyCPU.Build.0 = Debug|Any CPU
		{25B46168-81B2-8741-8511-171571349EEF}.Release|AnyCPU.ActiveCfg = Release|Any CPU
		{25B46168-81B2-8741-8511-171571349EEF}.Release|AnyCPU.Build.0 = Release|Any CPU
		{25B46168-81B2-8741-8511-171571349EEF}.Debug_Double|AnyCPU.ActiveCfg = Debug_Double|Any CPU
		{25B46168-81B2-8741-8511-171571349EEF}.Debug_Double|AnyCPU.Build.0 = Debug_Double|Any CPU
		{25B46168-81B2-8741-8511-171571349EEF}.Release_Double|AnyCPU.ActiveCfg = Release_Double|Any CPU
		{25B46168-81B2-8741-8511-171571349EEF}.Release_Double|AnyCPU.Build.0 = Release_Double|Any CPU
		{25B46168-81B2-8741-8511-171571349EEF}.Debug_Static|AnyCPU.ActiveCfg = Debug_Static|Any CPU
		{25B46168-81B2-8741-8511-171571349EEF}.Debug_Static|AnyCPU.Build.0 = Debug_Static|Any CPU
		{46F236EB-AA6F-C54B-BCA0-92B1521140BE}.Debug|AnyCPU.ActiveCfg = Debug|Any CPU
		{46F236EB-AA6F-C54B-BCA0-92B1521140BE}.Debug|AnyCPU.Build.0 = Debug|Any CPU
		{46F236EB-AA6F-C54B-BCA0-92B1521140BE}.Release|AnyCPU.ActiveCfg = Release|Any CPU
		{46F236EB-AA6F-C54B-BCA0-92B1521140BE}.Release|AnyCPU.Build.0 = Release|Any CPU
		{46F236EB-AA6F-C54B-BCA0-92B1521140BE}.Debug_Double|AnyCPU.ActiveCfg = Debug_Double|Any CPU
		{46F236EB-AA6F-C54B-BCA0-92B1521140BE}.Debug_Double|AnyCPU.Build.0 = Debug_Double|Any CPU
		{46F236EB-AA6F-C54B-BCA0-92B1521140BE}.Release_Double|AnyCPU.ActiveCfg = Release_Double|Any CPU
		{46F236EB-AA6F-C54B-BCA0-92B1521140BE}.Release_Double|AnyCPU.Build.0 = Release_Double|Any CPU
		{46F236EB-AA6F-C54B-BCA0-92B1521140BE}.Debug_Static|AnyCPU.ActiveCfg = Debug_Static|Any CPU
		{46F236EB-AA6F-C54B-BCA0-92B1521140BE}.Debug_Static|AnyCPU.Build.0 = Debug_Static|Any CPU
		{87E9E6FF-DE31-1E48-A627-E13D9B4BB955}.Debug|AnyCPU.ActiveCfg = Debug|Any CPU
		{87E9E6FF-DE31-1E48-A627-E13D9B4BB955}.Debug|AnyCPU.Build.0 = Debug|Any CPU
		{87E9E6FF-DE31-1E48-A627-E13D9B4BB955}.Release|AnyCPU.ActiveCfg = Release|Any CPU
		{87E9E6FF-DE31-1E48-A627-E13D9B4BB955}.Release|AnyCPU.Build.0 = Release|Any CPU
		{87E9E6FF-DE31-1E48-A627-E13D9B4BB955}.Debug_Double|AnyCPU.ActiveCfg = Debug_Double|Any CPU
		{87E9E6FF-DE31-1E48-A627-E13D9B4BB955}.Debug_Double|AnyCPU.Build.0 = Debug_Double|Any CPU
		{87E9E6FF-DE31-1E48-A627-E13D9B4BB955}.Release_Double|AnyCPU.ActiveCfg = Release_Double|Any CPU
		{87E9E6FF-DE31-1E48-A627-E13D9B4BB955}.Release_Double|AnyCPU.Build.0 = Release_Double|Any CPU
		{87E9E6FF-DE31-1E48-A627-E13D9B4BB955}.Debug_Static|AnyCPU.ActiveCfg = Debug_Static|Any CPU
		{87E9E6FF-DE31-1E48-A627-E13D9B4BB955}.Debug_Static|AnyCPU.Build.0 = Debug_Static|Any CPU
		{BD1AC879-D267-8842-B134-F8EF453B04C6}.Debug|AnyCPU.ActiveCfg = Debug|Any CPU
		{BD1AC879-D267-8842-B134-F8EF453B04C6}.Debug|AnyCPU.Build.0 = Debug|Any CPU
		{BD1AC879-D267-8842-B134-F8EF453B04C6}.Release|AnyCPU.ActiveCfg = Release|Any CPU
		{BD1AC879-D267-8842-B134-F8EF453B04C6}.Release|AnyCPU.Build.0 = Release|Any CPU
		{BD1AC879-D267-8842-B134-F8EF453B04C6}.Debug_Double|AnyCPU.ActiveCfg = Debug_Double|Any CPU
		{BD1AC879-D267-8842-B134-F8EF453B04C6}.Debug_Double|AnyCPU.Build.0 = Debug_Double|Any CPU
		{BD1AC879-D267-8842-B134-F8EF453B04C6}.Release_Double|AnyCPU.ActiveCfg = Release_Double|Any CPU
		{BD1AC879-D267-8842-B134-F8EF453B04C6}.Release_Double|AnyCPU.Build.0 = Release_Double|Any CPU
		{BD1AC879-D267-8842-B134-F8EF453B04C6}.Debug_Static|AnyCPU.ActiveCfg = Debug_Static|Any CPU
		{BD1AC879-D267-8842-B134-F8EF453B04C6}.Debug_Static|AnyCPU.Build.0 = Debug_Static|Any CPU
		{4DD09017-BE70-C84A-B2D0-BCBA5C58D67C}.Debug|AnyCPU.ActiveCfg = Debug|Any CPU
		{4DD09017-BE70-C84A-B2D0-BCBA5C58D67C}.Debug|AnyCPU.Build.0 = Debug|Any CPU
		{4DD09017-BE70-C84A-B2D0-BCBA5C58D67C}.Release|AnyCPU.ActiveCfg = Release|Any CPU
		{4DD09017-BE70-C84A-B2D0-BCBA5C58D67C}.Release|AnyCPU.Build.0 = Release|Any CPU
		{4DD09017-BE70-C84A-B2D0-BCBA5C58D67C}.Debug_Double|AnyCPU.ActiveCfg = Debug_Double|Any CPU
		{4DD09017-BE70-C84A-B2D0-BCBA5C58D67C}.Debug_Double|AnyCPU.Build.0 = Debug_Double|Any CPU
		{4DD09017-BE70-C84A-B2D0-BCBA5C58D67C}.Release_Double|AnyCPU.ActiveCfg = Release_Double|Any CPU
		{4DD09017-BE70-C84A-B2D0-BCBA5C58D67C}.Release_Double|AnyCPU.Build.0 = Release_Double|Any CPU
		{4DD09017-BE70-C84A-B2D0-BCBA5C58D67C}.Debug_Static|AnyCPU.ActiveCfg = Debug_Static|Any CPU
		{4DD09017-BE70-C84A-B2D0-BCBA5C58D67C}.Debug_Static|AnyCPU.Build.0 = Debug_Static|Any CPU
		{2F32BF84-3179-6345-A9ED-DA5DD5FAABDE}.Debug|AnyCPU.ActiveCfg = Debug|Any CPU
		{2F32BF84-3179-6345-A9ED-DA5DD5FAABDE}.Debug|AnyCPU.Build.0 = Debug|Any CPU
		{2F32BF84-3179-6345-A9ED-DA5DD5FAABDE}.Release|AnyCPU.ActiveCfg = Release|Any CPU
		{2F32BF84-3179-6345-A9ED-DA5DD5FAABDE}.Release|AnyCPU.Build.0 = Release|Any CPU
		{2F32BF84-3179-6345-A9ED-DA5DD5FAABDE}.Debug_Double|AnyCPU.ActiveCfg = Debug_Double|Any CPU
		{2F32BF84-3179-6345-A9ED-DA5DD5FAABDE}.Debug_Double|AnyCPU.Build.0 = Debug_Double|Any CPU
		{2F32BF84-3179-6345-A9ED-DA5DD5FAABDE}.Release_Double|AnyCPU.ActiveCfg = Release_Double|Any CPU
		{2F32BF84-3179-6345-A9ED-DA5DD5FAABDE}.Release_Double|AnyCPU.Build.0 = Release_Double|Any CPU
		{2F32BF84-3179-6345-A9ED-DA5DD5FAABDE}.Debug_Static|AnyCPU.ActiveCfg = Debug_Static|Any CPU
		{2F32BF84-3179-6345-A9ED-DA5DD5FAABDE}.Debug_Static|AnyCPU.Build.0 = Debug_Static|Any CPU
	EndGlobalSection
	GlobalSection(SolutionProperties) = preSolution
		HideSolutionNode = FALSE
	EndGlobalSection
	GlobalSection(MonoDevelopProperties) = preSolution
	EndGlobalSection
EndGlobal
