
Microsoft Visual Studio Solution File, Format Version 11.00
# Visual Studio 2010
Project("{8BC9CEB8-8B4A-11D0-8D11-00A0C91BC942}") = "FiringRateSim", "FiringRateSim.vcxproj", "{D3351416-D112-E946-A585-1A30A009B001}"
EndProject
Global
	GlobalSection(SolutionConfigurationPlatforms) = preSolution
		Debug|Win32 = Debug|Win32
		Release|Win32 = Release|Win32
		Debug_Double|Win32 = Debug_Double|Win32
		Release_Double|Win32 = Release_Double|Win32
	EndGlobalSection
	GlobalSection(ProjectConfigurationPlatforms) = postSolution
		{D3351416-D112-E946-A585-1A30A009B001}.Debug|Win32.ActiveCfg = Debug|Win32
		{D3351416-D112-E946-A585-1A30A009B001}.Debug|Win32.Build.0 = Debug|Win32
		{D3351416-D112-E946-A585-1A30A009B001}.Release|Win32.ActiveCfg = Release|Win32
		{D3351416-D112-E946-A585-1A30A009B001}.Release|Win32.Build.0 = Release|Win32
		{D3351416-D112-E946-A585-1A30A009B001}.Debug_Double|Win32.ActiveCfg = Debug_Double|Win32
		{D3351416-D112-E946-A585-1A30A009B001}.Debug_Double|Win32.Build.0 = Debug_Double|Win32
		{D3351416-D112-E946-A585-1A30A009B001}.Release_Double|Win32.ActiveCfg = Release_Double|Win32
		{D3351416-D112-E946-A585-1A30A009B001}.Release_Double|Win32.Build.0 = Release_Double|Win32
	EndGlobalSection
	GlobalSection(SolutionProperties) = preSolution
		HideSolutionNode = FALSE
	EndGlobalSection
EndGlobal
