
Microsoft Visual Studio Solution File, Format Version 11.00
# Visual Studio 2010
Project("{2857B73E-F847-4B02-9238-064979017E93}") = "VortexAnimatSim", "VortexAnimatSim.cproj", "{4DD90132-3E67-8E4E-BC30-0B487082EEEE}"
EndProject
Global
	GlobalSection(SolutionConfigurationPlatforms) = preSolution
		Debug|AnyCPU = Debug|AnyCPU
		Release|AnyCPU = Release|AnyCPU
	EndGlobalSection
	GlobalSection(ProjectConfigurationPlatforms) = postSolution
		{4DD90132-3E67-8E4E-BC30-0B487082EEEE}.Debug|AnyCPU.ActiveCfg = Debug|Any CPU
		{4DD90132-3E67-8E4E-BC30-0B487082EEEE}.Debug|AnyCPU.Build.0 = Debug|Any CPU
		{4DD90132-3E67-8E4E-BC30-0B487082EEEE}.Release|AnyCPU.ActiveCfg = Release|Any CPU
		{4DD90132-3E67-8E4E-BC30-0B487082EEEE}.Release|AnyCPU.Build.0 = Release|Any CPU
	EndGlobalSection
	GlobalSection(SolutionProperties) = preSolution
		HideSolutionNode = FALSE
	EndGlobalSection
	GlobalSection(MonoDevelopProperties) = preSolution
	EndGlobalSection
EndGlobal
