<?xml version="1.0" encoding="utf-8"?>
<Project ToolsVersion="4.0" xmlns="http://schemas.microsoft.com/developer/msbuild/2003">
  <ItemGroup>
    <ClCompile Include="..\..\..\..\src\osgPlugins\osgSim\IO_ShapeAttribute.cpp">
      <Filter>Source Files</Filter>
    </ClCompile>
    <ClCompile Include="..\..\..\..\src\osgPlugins\osgSim\IO_BlinkSequence.cpp">
      <Filter>Source Files</Filter>
    </ClCompile>
    <ClCompile Include="..\..\..\..\src\osgPlugins\osgSim\IO_DOFTransform.cpp">
      <Filter>Source Files</Filter>
    </ClCompile>
    <ClCompile Include="..\..\..\..\src\osgPlugins\osgSim\IO_Impostor.cpp">
      <Filter>Source Files</Filter>
    </ClCompile>
    <ClCompile Include="..\..\..\..\src\osgPlugins\osgSim\IO_LightPoint.cpp">
      <Filter>Source Files</Filter>
    </ClCompile>
    <ClCompile Include="..\..\..\..\src\osgPlugins\osgSim\IO_LightPointNode.cpp">
      <Filter>Source Files</Filter>
    </ClCompile>
    <ClCompile Include="..\..\..\..\src\osgPlugins\osgSim\IO_MultiSwitch.cpp">
      <Filter>Source Files</Filter>
    </ClCompile>
    <ClCompile Include="..\..\..\..\src\osgPlugins\osgSim\IO_OverlayNode.cpp">
      <Filter>Source Files</Filter>
    </ClCompile>
    <ClCompile Include="..\..\..\..\src\osgPlugins\osgSim\IO_Sector.cpp">
      <Filter>Source Files</Filter>
    </ClCompile>
    <ClCompile Include="..\..\..\..\src\osgPlugins\osgSim\IO_VisibilityGroup.cpp">
      <Filter>Source Files</Filter>
    </ClCompile>
    <ClCompile Include="..\..\..\..\src\osgPlugins\osgSim\IO_ObjectRecordData.cpp">
      <Filter>Source Files</Filter>
    </ClCompile>
  </ItemGroup>
  <ItemGroup>
    <ClInclude Include="..\..\..\..\src\osgPlugins\osgSim\IO_LightPoint.h">
      <Filter>Header Files</Filter>
    </ClInclude>
  </ItemGroup>
  <ItemGroup>
  </ItemGroup>
  <ItemGroup>
    <CustomBuild Include="..\..\..\..\src\osgPlugins\osgSim\CMakeLists.txt" />
  </ItemGroup>
  <ItemGroup>
    <Filter Include="Source Files">
      <UniqueIdentifier>{4F308182-CD01-49ED-8D03-50B7944EE921}</UniqueIdentifier>
    </Filter>
    <Filter Include="Header Files">
      <UniqueIdentifier>{01EA27C8-D1A9-4FE8-9C3C-1BC69AB54CB0}</UniqueIdentifier>
    </Filter>
  </ItemGroup>
  <ItemGroup>
    <None Include="..\..\..\..\src\osgPlugins\osgSim\IO_ShapeAttribute.cpp">
      <Filter>Source Files</Filter>
    </None>
    <None Include="..\..\..\..\src\osgPlugins\osgSim\IO_BlinkSequence.cpp">
      <Filter>Source Files</Filter>
    </None>
    <None Include="..\..\..\..\src\osgPlugins\osgSim\IO_DOFTransform.cpp">
      <Filter>Source Files</Filter>
    </None>
    <None Include="..\..\..\..\src\osgPlugins\osgSim\IO_Impostor.cpp">
      <Filter>Source Files</Filter>
    </None>
    <None Include="..\..\..\..\src\osgPlugins\osgSim\IO_LightPoint.cpp">
      <Filter>Source Files</Filter>
    </None>
    <None Include="..\..\..\..\src\osgPlugins\osgSim\IO_LightPointNode.cpp">
      <Filter>Source Files</Filter>
    </None>
    <None Include="..\..\..\..\src\osgPlugins\osgSim\IO_MultiSwitch.cpp">
      <Filter>Source Files</Filter>
    </None>
    <None Include="..\..\..\..\src\osgPlugins\osgSim\IO_OverlayNode.cpp">
      <Filter>Source Files</Filter>
    </None>
    <None Include="..\..\..\..\src\osgPlugins\osgSim\IO_Sector.cpp">
      <Filter>Source Files</Filter>
    </None>
    <None Include="..\..\..\..\src\osgPlugins\osgSim\IO_VisibilityGroup.cpp">
      <Filter>Source Files</Filter>
    </None>
    <None Include="..\..\..\..\src\osgPlugins\osgSim\IO_ObjectRecordData.cpp">
      <Filter>Source Files</Filter>
    </None>
  </ItemGroup>
</Project>
