<?xml version="1.0" encoding="utf-8"?>
<Project ToolsVersion="4.0" xmlns="http://schemas.microsoft.com/developer/msbuild/2003">
  <ItemGroup>
    <ClCompile Include="..\..\..\src\osgShadow\OccluderGeometry.cpp">
      <Filter>Source Files</Filter>
    </ClCompile>
    <ClCompile Include="..\..\..\src\osgShadow\ShadowMap.cpp">
      <Filter>Source Files</Filter>
    </ClCompile>
    <ClCompile Include="..\..\..\src\osgShadow\ShadowTechnique.cpp">
      <Filter>Source Files</Filter>
    </ClCompile>
    <ClCompile Include="..\..\..\src\osgShadow\ShadowTexture.cpp">
      <Filter>Source Files</Filter>
    </ClCompile>
    <ClCompile Include="..\..\..\src\osgShadow\ShadowVolume.cpp">
      <Filter>Source Files</Filter>
    </ClCompile>
    <ClCompile Include="..\..\..\src\osgShadow\ShadowedScene.cpp">
      <Filter>Source Files</Filter>
    </ClCompile>
    <ClCompile Include="..\..\..\src\osgShadow\SoftShadowMap.cpp">
      <Filter>Source Files</Filter>
    </ClCompile>
    <ClCompile Include="..\..\..\src\osgShadow\ParallelSplitShadowMap.cpp">
      <Filter>Source Files</Filter>
    </ClCompile>
    <ClCompile Include="..\..\..\src\osgShadow\Version.cpp">
      <Filter>Source Files</Filter>
    </ClCompile>
    <ClCompile Include="..\..\..\src\osgShadow\ConvexPolyhedron.cpp">
      <Filter>Source Files</Filter>
    </ClCompile>
    <ClCompile Include="..\..\..\src\osgShadow\DebugShadowMap.cpp">
      <Filter>Source Files</Filter>
    </ClCompile>
    <ClCompile Include="..\..\..\src\osgShadow\LightSpacePerspectiveShadowMap.cpp">
      <Filter>Source Files</Filter>
    </ClCompile>
    <ClCompile Include="..\..\..\src\osgShadow\MinimalCullBoundsShadowMap.cpp">
      <Filter>Source Files</Filter>
    </ClCompile>
    <ClCompile Include="..\..\..\src\osgShadow\MinimalDrawBoundsShadowMap.cpp">
      <Filter>Source Files</Filter>
    </ClCompile>
    <ClCompile Include="..\..\..\src\osgShadow\MinimalShadowMap.cpp">
      <Filter>Source Files</Filter>
    </ClCompile>
    <ClCompile Include="..\..\..\src\osgShadow\StandardShadowMap.cpp">
      <Filter>Source Files</Filter>
    </ClCompile>
    <ClCompile Include="..\..\..\src\osgShadow\ViewDependentShadowTechnique.cpp">
      <Filter>Source Files</Filter>
    </ClCompile>
  </ItemGroup>
  <ItemGroup>
  </ItemGroup>
  <ItemGroup>
  </ItemGroup>
  <ItemGroup>
    <CustomBuild Include="..\..\..\src\osgShadow\CMakeLists.txt" />
  </ItemGroup>
  <ItemGroup>
    <Filter Include="Source Files">
      <UniqueIdentifier>{4F308182-CD01-49ED-8D03-50B7944EE921}</UniqueIdentifier>
    </Filter>
    <Filter Include="Header Files">
      <UniqueIdentifier>{01EA27C8-D1A9-4FE8-9C3C-1BC69AB54CB0}</UniqueIdentifier>
    </Filter>
  </ItemGroup>
  <ItemGroup>
    <None Include="..\..\..\include\osgShadow\Export">
      <Filter>Header Files</Filter>
    </None>
    <None Include="..\..\..\include\osgShadow\OccluderGeometry">
      <Filter>Header Files</Filter>
    </None>
    <None Include="..\..\..\include\osgShadow\ShadowMap">
      <Filter>Header Files</Filter>
    </None>
    <None Include="..\..\..\include\osgShadow\ShadowTechnique">
      <Filter>Header Files</Filter>
    </None>
    <None Include="..\..\..\include\osgShadow\ShadowTexture">
      <Filter>Header Files</Filter>
    </None>
    <None Include="..\..\..\include\osgShadow\ShadowVolume">
      <Filter>Header Files</Filter>
    </None>
    <None Include="..\..\..\include\osgShadow\ShadowedScene">
      <Filter>Header Files</Filter>
    </None>
    <None Include="..\..\..\include\osgShadow\SoftShadowMap">
      <Filter>Header Files</Filter>
    </None>
    <None Include="..\..\..\include\osgShadow\ParallelSplitShadowMap">
      <Filter>Header Files</Filter>
    </None>
    <None Include="..\..\..\include\osgShadow\Version">
      <Filter>Header Files</Filter>
    </None>
    <None Include="..\..\..\include\osgShadow\ConvexPolyhedron">
      <Filter>Header Files</Filter>
    </None>
    <None Include="..\..\..\include\osgShadow\DebugShadowMap">
      <Filter>Header Files</Filter>
    </None>
    <None Include="..\..\..\include\osgShadow\LightSpacePerspectiveShadowMap">
      <Filter>Header Files</Filter>
    </None>
    <None Include="..\..\..\include\osgShadow\MinimalCullBoundsShadowMap">
      <Filter>Header Files</Filter>
    </None>
    <None Include="..\..\..\include\osgShadow\MinimalDrawBoundsShadowMap">
      <Filter>Header Files</Filter>
    </None>
    <None Include="..\..\..\include\osgShadow\MinimalShadowMap">
      <Filter>Header Files</Filter>
    </None>
    <None Include="..\..\..\include\osgShadow\ProjectionShadowMap">
      <Filter>Header Files</Filter>
    </None>
    <None Include="..\..\..\include\osgShadow\StandardShadowMap">
      <Filter>Header Files</Filter>
    </None>
    <None Include="..\..\..\include\osgShadow\ViewDependentShadowTechnique">
      <Filter>Header Files</Filter>
    </None>
    <None Include="..\..\..\src\osgShadow\OccluderGeometry.cpp">
      <Filter>Source Files</Filter>
    </None>
    <None Include="..\..\..\src\osgShadow\ShadowMap.cpp">
      <Filter>Source Files</Filter>
    </None>
    <None Include="..\..\..\src\osgShadow\ShadowTechnique.cpp">
      <Filter>Source Files</Filter>
    </None>
    <None Include="..\..\..\src\osgShadow\ShadowTexture.cpp">
      <Filter>Source Files</Filter>
    </None>
    <None Include="..\..\..\src\osgShadow\ShadowVolume.cpp">
      <Filter>Source Files</Filter>
    </None>
    <None Include="..\..\..\src\osgShadow\ShadowedScene.cpp">
      <Filter>Source Files</Filter>
    </None>
    <None Include="..\..\..\src\osgShadow\SoftShadowMap.cpp">
      <Filter>Source Files</Filter>
    </None>
    <None Include="..\..\..\src\osgShadow\ParallelSplitShadowMap.cpp">
      <Filter>Source Files</Filter>
    </None>
    <None Include="..\..\..\src\osgShadow\Version.cpp">
      <Filter>Source Files</Filter>
    </None>
    <None Include="..\..\..\src\osgShadow\ConvexPolyhedron.cpp">
      <Filter>Source Files</Filter>
    </None>
    <None Include="..\..\..\src\osgShadow\DebugShadowMap.cpp">
      <Filter>Source Files</Filter>
    </None>
    <None Include="..\..\..\src\osgShadow\LightSpacePerspectiveShadowMap.cpp">
      <Filter>Source Files</Filter>
    </None>
    <None Include="..\..\..\src\osgShadow\MinimalCullBoundsShadowMap.cpp">
      <Filter>Source Files</Filter>
    </None>
    <None Include="..\..\..\src\osgShadow\MinimalDrawBoundsShadowMap.cpp">
      <Filter>Source Files</Filter>
    </None>
    <None Include="..\..\..\src\osgShadow\MinimalShadowMap.cpp">
      <Filter>Source Files</Filter>
    </None>
    <None Include="..\..\..\src\osgShadow\StandardShadowMap.cpp">
      <Filter>Source Files</Filter>
    </None>
    <None Include="..\..\..\src\osgShadow\ViewDependentShadowTechnique.cpp">
      <Filter>Source Files</Filter>
    </None>
  </ItemGroup>
</Project>
