
Microsoft Visual Studio Solution File, Format Version 11.00
# Visual Studio 2010
Project("{2857B73E-F847-4B02-9238-064979017E93}") = "AnimatSimulator", "AnimatSimulator.cproj", "{68DE00E3-14BD-BF4B-9039-2D1F8C501FE1}"
EndProject
Global
	GlobalSection(SolutionConfigurationPlatforms) = preSolution
		Debug|AnyCPU = Debug|AnyCPU
		Release|AnyCPU = Release|AnyCPU
	EndGlobalSection
	GlobalSection(ProjectConfigurationPlatforms) = postSolution
		{68DE00E3-14BD-BF4B-9039-2D1F8C501FE1}.Debug|AnyCPU.ActiveCfg = Debug|Any CPU
		{68DE00E3-14BD-BF4B-9039-2D1F8C501FE1}.Debug|AnyCPU.Build.0 = Debug|Any CPU
		{68DE00E3-14BD-BF4B-9039-2D1F8C501FE1}.Release|AnyCPU.ActiveCfg = Release|Any CPU
		{68DE00E3-14BD-BF4B-9039-2D1F8C501FE1}.Release|AnyCPU.Build.0 = Release|Any CPU
	EndGlobalSection
	GlobalSection(SolutionProperties) = preSolution
		HideSolutionNode = FALSE
	EndGlobalSection
	GlobalSection(MonoDevelopProperties) = preSolution
	EndGlobalSection
EndGlobal
