
Microsoft Visual Studio Solution File, Format Version 11.00
# Visual Studio 2010
Project("{2857B73E-F847-4B02-9238-064979017E93}") = "StdUtils", "StdUtils.cproj", "{3F194C4F-A2C3-F14F-A95C-2A7CBCB932C2}"
EndProject
Project("{2857B73E-F847-4B02-9238-064979017E93}") = "StdClassFactoryTester", "StdClassFactoryTester.cproj", "{219A2F46-B9A6-D047-B224-1EC477770677}"
EndProject
Project("{2857B73E-F847-4B02-9238-064979017E93}") = "StdUtils_UnitTests", "StdUtils_UnitTests.cproj", "{AE63D4A2-4081-DA49-9785-DC1C7D059D38}"
EndProject
Global
	GlobalSection(SolutionConfigurationPlatforms) = preSolution
		Debug|AnyCPU = Debug|AnyCPU
		Release|AnyCPU = Release|AnyCPU
	EndGlobalSection
	GlobalSection(ProjectConfigurationPlatforms) = postSolution
		{3F194C4F-A2C3-F14F-A95C-2A7CBCB932C2}.Debug|AnyCPU.ActiveCfg = Debug|Any CPU
		{3F194C4F-A2C3-F14F-A95C-2A7CBCB932C2}.Debug|AnyCPU.Build.0 = Debug|Any CPU
		{3F194C4F-A2C3-F14F-A95C-2A7CBCB932C2}.Release|AnyCPU.ActiveCfg = Release|Any CPU
		{3F194C4F-A2C3-F14F-A95C-2A7CBCB932C2}.Release|AnyCPU.Build.0 = Release|Any CPU
		{219A2F46-B9A6-D047-B224-1EC477770677}.Debug|AnyCPU.ActiveCfg = Debug|Any CPU
		{219A2F46-B9A6-D047-B224-1EC477770677}.Debug|AnyCPU.Build.0 = Debug|Any CPU
		{219A2F46-B9A6-D047-B224-1EC477770677}.Release|AnyCPU.ActiveCfg = Release|Any CPU
		{219A2F46-B9A6-D047-B224-1EC477770677}.Release|AnyCPU.Build.0 = Release|Any CPU
		{AE63D4A2-4081-DA49-9785-DC1C7D059D38}.Debug|AnyCPU.ActiveCfg = Debug|Any CPU
		{AE63D4A2-4081-DA49-9785-DC1C7D059D38}.Debug|AnyCPU.Build.0 = Debug|Any CPU
		{AE63D4A2-4081-DA49-9785-DC1C7D059D38}.Release|AnyCPU.ActiveCfg = Release|Any CPU
		{AE63D4A2-4081-DA49-9785-DC1C7D059D38}.Release|AnyCPU.Build.0 = Release|Any CPU
	EndGlobalSection
	GlobalSection(SolutionProperties) = preSolution
		HideSolutionNode = FALSE
	EndGlobalSection
	GlobalSection(MonoDevelopProperties) = preSolution
	EndGlobalSection
EndGlobal
