<?xml version="1.0" encoding="utf-8"?>
<Project ToolsVersion="4.0" xmlns="http://schemas.microsoft.com/developer/msbuild/2003">
  <ItemGroup>
    <ClCompile Include="..\..\..\src\osgViewer\CompositeViewer.cpp">
      <Filter>Source Files</Filter>
    </ClCompile>
    <ClCompile Include="..\..\..\src\osgViewer\HelpHandler.cpp">
      <Filter>Source Files</Filter>
    </ClCompile>
    <ClCompile Include="..\..\..\src\osgViewer\Renderer.cpp">
      <Filter>Source Files</Filter>
    </ClCompile>
    <ClCompile Include="..\..\..\src\osgViewer\Scene.cpp">
      <Filter>Source Files</Filter>
    </ClCompile>
    <ClCompile Include="..\..\..\src\osgViewer\ScreenCaptureHandler.cpp">
      <Filter>Source Files</Filter>
    </ClCompile>
    <ClCompile Include="..\..\..\src\osgViewer\StatsHandler.cpp">
      <Filter>Source Files</Filter>
    </ClCompile>
    <ClCompile Include="..\..\..\src\osgViewer\Version.cpp">
      <Filter>Source Files</Filter>
    </ClCompile>
    <ClCompile Include="..\..\..\src\osgViewer\View.cpp">
      <Filter>Source Files</Filter>
    </ClCompile>
    <ClCompile Include="..\..\..\src\osgViewer\Viewer.cpp">
      <Filter>Source Files</Filter>
    </ClCompile>
    <ClCompile Include="..\..\..\src\osgViewer\ViewerBase.cpp">
      <Filter>Source Files</Filter>
    </ClCompile>
    <ClCompile Include="..\..\..\src\osgViewer\ViewerEventHandlers.cpp">
      <Filter>Source Files</Filter>
    </ClCompile>
    <ClCompile Include="..\..\..\src\osgViewer\GraphicsWindowWin32.cpp">
      <Filter>Source Files</Filter>
    </ClCompile>
    <ClCompile Include="..\..\..\src\osgViewer\PixelBufferWin32.cpp">
      <Filter>Source Files</Filter>
    </ClCompile>
  </ItemGroup>
  <ItemGroup>
  </ItemGroup>
  <ItemGroup>
  </ItemGroup>
  <ItemGroup>
    <CustomBuild Include="..\..\..\src\osgViewer\CMakeLists.txt" />
  </ItemGroup>
  <ItemGroup>
    <Filter Include="Source Files">
      <UniqueIdentifier>{4F308182-CD01-49ED-8D03-50B7944EE921}</UniqueIdentifier>
    </Filter>
    <Filter Include="Header Files">
      <UniqueIdentifier>{01EA27C8-D1A9-4FE8-9C3C-1BC69AB54CB0}</UniqueIdentifier>
    </Filter>
  </ItemGroup>
  <ItemGroup>
    <None Include="..\..\..\include\osgViewer\CompositeViewer">
      <Filter>Header Files</Filter>
    </None>
    <None Include="..\..\..\include\osgViewer\Export">
      <Filter>Header Files</Filter>
    </None>
    <None Include="..\..\..\include\osgViewer\GraphicsWindow">
      <Filter>Header Files</Filter>
    </None>
    <None Include="..\..\..\include\osgViewer\Renderer">
      <Filter>Header Files</Filter>
    </None>
    <None Include="..\..\..\include\osgViewer\Scene">
      <Filter>Header Files</Filter>
    </None>
    <None Include="..\..\..\include\osgViewer\Version">
      <Filter>Header Files</Filter>
    </None>
    <None Include="..\..\..\include\osgViewer\View">
      <Filter>Header Files</Filter>
    </None>
    <None Include="..\..\..\include\osgViewer\Viewer">
      <Filter>Header Files</Filter>
    </None>
    <None Include="..\..\..\include\osgViewer\ViewerBase">
      <Filter>Header Files</Filter>
    </None>
    <None Include="..\..\..\include\osgViewer\ViewerEventHandlers">
      <Filter>Header Files</Filter>
    </None>
    <None Include="..\..\..\include\osgViewer\api\Win32\GraphicsWindowWin32">
      <Filter>Header Files</Filter>
    </None>
    <None Include="..\..\..\include\osgViewer\api\Win32\PixelBufferWin32">
      <Filter>Header Files</Filter>
    </None>
    <None Include="..\..\..\src\osgViewer\CompositeViewer.cpp">
      <Filter>Source Files</Filter>
    </None>
    <None Include="..\..\..\src\osgViewer\HelpHandler.cpp">
      <Filter>Source Files</Filter>
    </None>
    <None Include="..\..\..\src\osgViewer\Renderer.cpp">
      <Filter>Source Files</Filter>
    </None>
    <None Include="..\..\..\src\osgViewer\Scene.cpp">
      <Filter>Source Files</Filter>
    </None>
    <None Include="..\..\..\src\osgViewer\ScreenCaptureHandler.cpp">
      <Filter>Source Files</Filter>
    </None>
    <None Include="..\..\..\src\osgViewer\StatsHandler.cpp">
      <Filter>Source Files</Filter>
    </None>
    <None Include="..\..\..\src\osgViewer\Version.cpp">
      <Filter>Source Files</Filter>
    </None>
    <None Include="..\..\..\src\osgViewer\View.cpp">
      <Filter>Source Files</Filter>
    </None>
    <None Include="..\..\..\src\osgViewer\Viewer.cpp">
      <Filter>Source Files</Filter>
    </None>
    <None Include="..\..\..\src\osgViewer\ViewerBase.cpp">
      <Filter>Source Files</Filter>
    </None>
    <None Include="..\..\..\src\osgViewer\ViewerEventHandlers.cpp">
      <Filter>Source Files</Filter>
    </None>
    <None Include="..\..\..\src\osgViewer\GraphicsWindowWin32.cpp">
      <Filter>Source Files</Filter>
    </None>
    <None Include="..\..\..\src\osgViewer\PixelBufferWin32.cpp">
      <Filter>Source Files</Filter>
    </None>
  </ItemGroup>
</Project>
